
Microsoft Visual Studio Solution File, Format Version 12.00
# Visual Studio Version 16
VisualStudioVersion = 16.0.31424.327
MinimumVisualStudioVersion = 10.0.40219.1
Project("{FAE04EC0-301F-11D3-BF4B-00C04F79EFBC}") = "BranchClone.Android", "BranchClone\BranchClone.Android\BranchClone.Android.csproj", "{EE70FE65-E78A-4775-81B2-A11F949B8883}"
EndProject
Project("{FAE04EC0-301F-11D3-BF4B-00C04F79EFBC}") = "BranchClone.iOS", "BranchClone\BranchClone.iOS\BranchClone.iOS.csproj", "{F97AB4D5-A8E4-472D-A448-E3970D184A3A}"
EndProject
Project("{FAE04EC0-301F-11D3-BF4B-00C04F79EFBC}") = "BranchClone", "BranchClone\BranchClone\BranchClone.csproj", "{11DAC22C-2301-45D2-8467-C198C6D6E1BF}"
EndProject
Global
	GlobalSection(SolutionConfigurationPlatforms) = preSolution
		Debug|Any CPU = Debug|Any CPU
		Debug|iPhone = Debug|iPhone
		Debug|iPhoneSimulator = Debug|iPhoneSimulator
		Release|Any CPU = Release|Any CPU
		Release|iPhone = Release|iPhone
		Release|iPhoneSimulator = Release|iPhoneSimulator
	EndGlobalSection
	GlobalSection(ProjectConfigurationPlatforms) = postSolution
		{EE70FE65-E78A-4775-81B2-A11F949B8883}.Debug|Any CPU.ActiveCfg = Debug|Any CPU
		{EE70FE65-E78A-4775-81B2-A11F949B8883}.Debug|Any CPU.Build.0 = Debug|Any CPU
		{EE70FE65-E78A-4775-81B2-A11F949B8883}.Debug|Any CPU.Deploy.0 = Debug|Any CPU
		{EE70FE65-E78A-4775-81B2-A11F949B8883}.Debug|iPhone.ActiveCfg = Debug|Any CPU
		{EE70FE65-E78A-4775-81B2-A11F949B8883}.Debug|iPhone.Build.0 = Debug|Any CPU
		{EE70FE65-E78A-4775-81B2-A11F949B8883}.Debug|iPhone.Deploy.0 = Debug|Any CPU
		{EE70FE65-E78A-4775-81B2-A11F949B8883}.Debug|iPhoneSimulator.ActiveCfg = Debug|Any CPU
		{EE70FE65-E78A-4775-81B2-A11F949B8883}.Debug|iPhoneSimulator.Build.0 = Debug|Any CPU
		{EE70FE65-E78A-4775-81B2-A11F949B8883}.Debug|iPhoneSimulator.Deploy.0 = Debug|Any CPU
		{EE70FE65-E78A-4775-81B2-A11F949B8883}.Release|Any CPU.ActiveCfg = Release|Any CPU
		{EE70FE65-E78A-4775-81B2-A11F949B8883}.Release|Any CPU.Build.0 = Release|Any CPU
		{EE70FE65-E78A-4775-81B2-A11F949B8883}.Release|Any CPU.Deploy.0 = Release|Any CPU
		{EE70FE65-E78A-4775-81B2-A11F949B8883}.Release|iPhone.ActiveCfg = Release|Any CPU
		{EE70FE65-E78A-4775-81B2-A11F949B8883}.Release|iPhone.Build.0 = Release|Any CPU
		{EE70FE65-E78A-4775-81B2-A11F949B8883}.Release|iPhone.Deploy.0 = Release|Any CPU
		{EE70FE65-E78A-4775-81B2-A11F949B8883}.Release|iPhoneSimulator.ActiveCfg = Release|Any CPU
		{EE70FE65-E78A-4775-81B2-A11F949B8883}.Release|iPhoneSimulator.Build.0 = Release|Any CPU
		{EE70FE65-E78A-4775-81B2-A11F949B8883}.Release|iPhoneSimulator.Deploy.0 = Release|Any CPU
		{F97AB4D5-A8E4-472D-A448-E3970D184A3A}.Debug|Any CPU.ActiveCfg = Debug|iPhone
		{F97AB4D5-A8E4-472D-A448-E3970D184A3A}.Debug|Any CPU.Build.0 = Debug|iPhone
		{F97AB4D5-A8E4-472D-A448-E3970D184A3A}.Debug|Any CPU.Deploy.0 = Debug|iPhone
		{F97AB4D5-A8E4-472D-A448-E3970D184A3A}.Debug|iPhone.ActiveCfg = Debug|iPhone
		{F97AB4D5-A8E4-472D-A448-E3970D184A3A}.Debug|iPhone.Build.0 = Debug|iPhone
		{F97AB4D5-A8E4-472D-A448-E3970D184A3A}.Debug|iPhone.Deploy.0 = Debug|iPhone
		{F97AB4D5-A8E4-472D-A448-E3970D184A3A}.Debug|iPhoneSimulator.ActiveCfg = Debug|iPhoneSimulator
		{F97AB4D5-A8E4-472D-A448-E3970D184A3A}.Debug|iPhoneSimulator.Build.0 = Debug|iPhoneSimulator
		{F97AB4D5-A8E4-472D-A448-E3970D184A3A}.Debug|iPhoneSimulator.Deploy.0 = Debug|iPhoneSimulator
		{F97AB4D5-A8E4-472D-A448-E3970D184A3A}.Release|Any CPU.ActiveCfg = Release|iPhoneSimulator
		{F97AB4D5-A8E4-472D-A448-E3970D184A3A}.Release|Any CPU.Build.0 = Release|iPhoneSimulator
		{F97AB4D5-A8E4-472D-A448-E3970D184A3A}.Release|Any CPU.Deploy.0 = Release|iPhoneSimulator
		{F97AB4D5-A8E4-472D-A448-E3970D184A3A}.Release|iPhone.ActiveCfg = Release|iPhone
		{F97AB4D5-A8E4-472D-A448-E3970D184A3A}.Release|iPhone.Build.0 = Release|iPhone
		{F97AB4D5-A8E4-472D-A448-E3970D184A3A}.Release|iPhone.Deploy.0 = Release|iPhone
		{F97AB4D5-A8E4-472D-A448-E3970D184A3A}.Release|iPhoneSimulator.ActiveCfg = Release|iPhoneSimulator
		{F97AB4D5-A8E4-472D-A448-E3970D184A3A}.Release|iPhoneSimulator.Build.0 = Release|iPhoneSimulator
		{F97AB4D5-A8E4-472D-A448-E3970D184A3A}.Release|iPhoneSimulator.Deploy.0 = Release|iPhoneSimulator
		{11DAC22C-2301-45D2-8467-C198C6D6E1BF}.Debug|Any CPU.ActiveCfg = Debug|Any CPU
		{11DAC22C-2301-45D2-8467-C198C6D6E1BF}.Debug|Any CPU.Build.0 = Debug|Any CPU
		{11DAC22C-2301-45D2-8467-C198C6D6E1BF}.Debug|Any CPU.Deploy.0 = Debug|Any CPU
		{11DAC22C-2301-45D2-8467-C198C6D6E1BF}.Debug|iPhone.ActiveCfg = Debug|Any CPU
		{11DAC22C-2301-45D2-8467-C198C6D6E1BF}.Debug|iPhone.Build.0 = Debug|Any CPU
		{11DAC22C-2301-45D2-8467-C198C6D6E1BF}.Debug|iPhone.Deploy.0 = Debug|Any CPU
		{11DAC22C-2301-45D2-8467-C198C6D6E1BF}.Debug|iPhoneSimulator.ActiveCfg = Debug|Any CPU
		{11DAC22C-2301-45D2-8467-C198C6D6E1BF}.Debug|iPhoneSimulator.Build.0 = Debug|Any CPU
		{11DAC22C-2301-45D2-8467-C198C6D6E1BF}.Debug|iPhoneSimulator.Deploy.0 = Debug|Any CPU
		{11DAC22C-2301-45D2-8467-C198C6D6E1BF}.Release|Any CPU.ActiveCfg = Release|Any CPU
		{11DAC22C-2301-45D2-8467-C198C6D6E1BF}.Release|Any CPU.Build.0 = Release|Any CPU
		{11DAC22C-2301-45D2-8467-C198C6D6E1BF}.Release|Any CPU.Deploy.0 = Release|Any CPU
		{11DAC22C-2301-45D2-8467-C198C6D6E1BF}.Release|iPhone.ActiveCfg = Release|Any CPU
		{11DAC22C-2301-45D2-8467-C198C6D6E1BF}.Release|iPhone.Build.0 = Release|Any CPU
		{11DAC22C-2301-45D2-8467-C198C6D6E1BF}.Release|iPhone.Deploy.0 = Release|Any CPU
		{11DAC22C-2301-45D2-8467-C198C6D6E1BF}.Release|iPhoneSimulator.ActiveCfg = Release|Any CPU
		{11DAC22C-2301-45D2-8467-C198C6D6E1BF}.Release|iPhoneSimulator.Build.0 = Release|Any CPU
		{11DAC22C-2301-45D2-8467-C198C6D6E1BF}.Release|iPhoneSimulator.Deploy.0 = Release|Any CPU
	EndGlobalSection
	GlobalSection(SolutionProperties) = preSolution
		HideSolutionNode = FALSE
	EndGlobalSection
	GlobalSection(ExtensibilityGlobals) = postSolution
		SolutionGuid = {F14B4786-7BDC-4F46-820B-3834E3EA1745}
	EndGlobalSection
EndGlobal
